name: update-flake-lock

on:
  workflow_dispatch:
  schedule:
    - cron: "0 0 * * 0"

jobs:
  update:
    permissions:
      contents: write
      pull-requests: write
      id-token: write
      issues: write
    runs-on: ubuntu-latest
    steps:
      - uses: actions/checkout@v4
      - uses: DeterminateSystems/nix-installer-action@main
      - uses: DeterminateSystems/magic-nix-cache-action@main
      - uses: DeterminateSystems/update-flake-lock@main
        with:
          pr-title: "Update Nix flake inputs"
          pr-labels: |
            dependencies
            automated
