name: update-flake-lock

on:
  workflow_dispatch:
  schedule:
    - cron: "0 0 * * 0"
 
jobs:
  update:
    permissions:
      contents: write
      pull-requests: write
      id-token: write
      issues: write
    runs-on: ubuntu-latest
    steps:
      - uses: actions/checkout@v4
      - uses: DeterminateSystems/determinate-nix-action@v3
      - name: Update Nix Flake Lock
        uses: DeterminateSystems/update-flake-lock@v27
        with:
          pr-title: "Update Nix flake inputs"
          pr-labels: |
            dependencies
            automated
